
Microsoft Visual Studio Solution File, Format Version 12.00
# Visual Studio Version 17
VisualStudioVersion = 17.4.33110.190
MinimumVisualStudioVersion = 10.0.40219.1
Project("{FAE04EC0-301F-11D3-BF4B-00C04F79EFBC}") = "Example", "Example\Example.csproj", "{F69FF4D6-839E-4C29-9907-E29C63C05550}"
EndProject
Global
	GlobalSection(SolutionConfigurationPlatforms) = preSolution
		Debug|Any CPU = Debug|Any CPU
		Release|Any CPU = Release|Any CPU
	EndGlobalSection
	GlobalSection(ProjectConfigurationPlatforms) = postSolution
		{F69FF4D6-839E-4C29-9907-E29C63C05550}.Debug|Any CPU.ActiveCfg = Debug|Any CPU
		{F69FF4D6-839E-4C29-9907-E29C63C05550}.Debug|Any CPU.Build.0 = Debug|Any CPU
		{F69FF4D6-839E-4C29-9907-E29C63C05550}.Release|Any CPU.ActiveCfg = Release|Any CPU
		{F69FF4D6-839E-4C29-9907-E29C63C05550}.Release|Any CPU.Build.0 = Release|Any CPU
	EndGlobalSection
	GlobalSection(SolutionProperties) = preSolution
		HideSolutionNode = FALSE
	EndGlobalSection
	GlobalSection(ExtensibilityGlobals) = postSolution
		SolutionGuid = {80107903-C375-4E01-A482-065110E06482}
	EndGlobalSection
EndGlobal
